
Microsoft Visual Studio Solution File, Format Version 12.00
# Visual Studio Version 17
VisualStudioVersion = 17.14.36401.2 d17.14
MinimumVisualStudioVersion = 10.0.40219.1
Project("{FAE04EC0-301F-11D3-BF4B-00C04F79EFBC}") = "Visor de imagenes", "Visor de imagenes\Visor de imagenes.csproj", "{CAA4CF1A-6356-4BA3-8B3C-9A5ECCC68F11}"
EndProject
Global
	GlobalSection(SolutionConfigurationPlatforms) = preSolution
		Debug|Any CPU = Debug|Any CPU
		Release|Any CPU = Release|Any CPU
	EndGlobalSection
	GlobalSection(ProjectConfigurationPlatforms) = postSolution
		{CAA4CF1A-6356-4BA3-8B3C-9A5ECCC68F11}.Debug|Any CPU.ActiveCfg = Debug|Any CPU
		{CAA4CF1A-6356-4BA3-8B3C-9A5ECCC68F11}.Debug|Any CPU.Build.0 = Debug|Any CPU
		{CAA4CF1A-6356-4BA3-8B3C-9A5ECCC68F11}.Release|Any CPU.ActiveCfg = Release|Any CPU
		{CAA4CF1A-6356-4BA3-8B3C-9A5ECCC68F11}.Release|Any CPU.Build.0 = Release|Any CPU
	EndGlobalSection
	GlobalSection(SolutionProperties) = preSolution
		HideSolutionNode = FALSE
	EndGlobalSection
	GlobalSection(ExtensibilityGlobals) = postSolution
		SolutionGuid = {87F42A6B-9DD1-41AD-9F69-062A3EEC213F}
	EndGlobalSection
EndGlobal
